
Microsoft Visual Studio Solution File, Format Version 12.00
# Visual Studio Version 16
VisualStudioVersion = 16.0.30114.105
MinimumVisualStudioVersion = 10.0.40219.1
Project("{FAE04EC0-301F-11D3-BF4B-00C04F79EFBC}") = "Spammer", "Spammer\Spammer.csproj", "{9F2188A9-5635-45A3-ABCE-234352D1E5AB}"
EndProject
Global
	GlobalSection(SolutionConfigurationPlatforms) = preSolution
		Debug|Any CPU = Debug|Any CPU
		Release|Any CPU = Release|Any CPU
	EndGlobalSection
	GlobalSection(ProjectConfigurationPlatforms) = postSolution
		{9F2188A9-5635-45A3-ABCE-234352D1E5AB}.Debug|Any CPU.ActiveCfg = Debug|Any CPU
		{9F2188A9-5635-45A3-ABCE-234352D1E5AB}.Debug|Any CPU.Build.0 = Debug|Any CPU
		{9F2188A9-5635-45A3-ABCE-234352D1E5AB}.Release|Any CPU.ActiveCfg = Release|Any CPU
		{9F2188A9-5635-45A3-ABCE-234352D1E5AB}.Release|Any CPU.Build.0 = Release|Any CPU
	EndGlobalSection
	GlobalSection(SolutionProperties) = preSolution
		HideSolutionNode = FALSE
	EndGlobalSection
	GlobalSection(ExtensibilityGlobals) = postSolution
		SolutionGuid = {9B6C2958-C460-4DDA-B9BD-8ACCD6D2974B}
	EndGlobalSection
EndGlobal
